
Microsoft Visual Studio Solution File, Format Version 12.00
# Visual Studio Version 17
VisualStudioVersion = 17.8.34525.116
MinimumVisualStudioVersion = 10.0.40219.1
Project("{FAE04EC0-301F-11D3-BF4B-00C04F79EFBC}") = "CadeMeuMedico", "CadeMeuMedico\CadeMeuMedico.csproj", "{7F8C3601-C124-424B-AE74-D1616BC60171}"
EndProject
Global
	GlobalSection(SolutionConfigurationPlatforms) = preSolution
		Debug|Any CPU = Debug|Any CPU
		Release|Any CPU = Release|Any CPU
	EndGlobalSection
	GlobalSection(ProjectConfigurationPlatforms) = postSolution
		{7F8C3601-C124-424B-AE74-D1616BC60171}.Debug|Any CPU.ActiveCfg = Debug|Any CPU
		{7F8C3601-C124-424B-AE74-D1616BC60171}.Debug|Any CPU.Build.0 = Debug|Any CPU
		{7F8C3601-C124-424B-AE74-D1616BC60171}.Release|Any CPU.ActiveCfg = Release|Any CPU
		{7F8C3601-C124-424B-AE74-D1616BC60171}.Release|Any CPU.Build.0 = Release|Any CPU
	EndGlobalSection
	GlobalSection(SolutionProperties) = preSolution
		HideSolutionNode = FALSE
	EndGlobalSection
	GlobalSection(ExtensibilityGlobals) = postSolution
		SolutionGuid = {87DB4849-FB44-45B6-A5E1-F1E3E1FE343C}
	EndGlobalSection
EndGlobal
